
Microsoft Visual Studio Solution File, Format Version 12.00
# Visual Studio Version 17
VisualStudioVersion = 17.5.002.0
MinimumVisualStudioVersion = 10.0.40219.1
Project("{9A19103F-16F7-4668-BE54-9A1E7A4F7556}") = "Static_Contructor", "Static_Contructor.csproj", "{8D4CDF83-21CE-4BB4-9665-B791DE6BF18C}"
EndProject
Global
	GlobalSection(SolutionConfigurationPlatforms) = preSolution
		Debug|Any CPU = Debug|Any CPU
		Release|Any CPU = Release|Any CPU
	EndGlobalSection
	GlobalSection(ProjectConfigurationPlatforms) = postSolution
		{8D4CDF83-21CE-4BB4-9665-B791DE6BF18C}.Debug|Any CPU.ActiveCfg = Debug|Any CPU
		{8D4CDF83-21CE-4BB4-9665-B791DE6BF18C}.Debug|Any CPU.Build.0 = Debug|Any CPU
		{8D4CDF83-21CE-4BB4-9665-B791DE6BF18C}.Release|Any CPU.ActiveCfg = Release|Any CPU
		{8D4CDF83-21CE-4BB4-9665-B791DE6BF18C}.Release|Any CPU.Build.0 = Release|Any CPU
	EndGlobalSection
	GlobalSection(SolutionProperties) = preSolution
		HideSolutionNode = FALSE
	EndGlobalSection
	GlobalSection(ExtensibilityGlobals) = postSolution
		SolutionGuid = {DE29F8BA-240E-486C-92AB-B93C94B58362}
	EndGlobalSection
EndGlobal
